// !$*UTF8*$!
{
	archiveVersion = 1;
	classes = {
	};
	objectVersion = 56;
	objects = {

/* Begin PBXBuildFile section */
		0AC2AEC62BF27A0200C0C144 /* TeslaAppApp.swift in Sources */ = {isa = PBXBuildFile; fileRef = 0AC2AEC52BF27A0200C0C144 /* TeslaAppApp.swift */; };
		0AC2AEC82BF27A0200C0C144 /* ContentView.swift in Sources */ = {isa = PBXBuildFile; fileRef = 0AC2AEC72BF27A0200C0C144 /* ContentView.swift */; };
		0AC2AECA2BF27A0400C0C144 /* Assets.xcassets in Resources */ = {isa = PBXBuildFile; fileRef = 0AC2AEC92BF27A0400C0C144 /* Assets.xcassets */; };
		0AC2AECD2BF27A0400C0C144 /* Preview Assets.xcassets in Resources */ = {isa = PBXBuildFile; fileRef = 0AC2AECC2BF27A0400C0C144 /* Preview Assets.xcassets */; };
		0AC2AED52BF27D7E00C0C144 /* View + Extension.swift in Sources */ = {isa = PBXBuildFile; fileRef = 0AC2AED42BF27D7E00C0C144 /* View + Extension.swift */; };
		0AC2AED82BF27DBD00C0C144 /* NeumorphismUnselected.swift in Sources */ = {isa = PBXBuildFile; fileRef = 0AC2AED72BF27DBD00C0C144 /* NeumorphismUnselected.swift */; };
		0AC2AEDC2BF27E1D00C0C144 /* NeumorphismSelected.swift in Sources */ = {isa = PBXBuildFile; fileRef = 0AC2AEDB2BF27E1D00C0C144 /* NeumorphismSelected.swift */; };
		0AC2AEDE2BF27E3C00C0C144 /* NeumorphismUnselectedCircle.swift in Sources */ = {isa = PBXBuildFile; fileRef = 0AC2AEDD2BF27E3C00C0C144 /* NeumorphismUnselectedCircle.swift */; };
		0AC2AEE02BF28B2900C0C144 /* NeumorphismSelectedCircle.swift in Sources */ = {isa = PBXBuildFile; fileRef = 0AC2AEDF2BF28B2900C0C144 /* NeumorphismSelectedCircle.swift */; };
/* End PBXBuildFile section */

/* Begin PBXFileReference section */
		0AC2AEC22BF27A0200C0C144 /* TeslaApp.app */ = {isa = PBXFileReference; explicitFileType = wrapper.application; includeInIndex = 0; path = TeslaApp.app; sourceTree = BUILT_PRODUCTS_DIR; };
		0AC2AEC52BF27A0200C0C144 /* TeslaAppApp.swift */ = {isa = PBXFileReference; lastKnownFileType = sourcecode.swift; path = TeslaAppApp.swift; sourceTree = "<group>"; };
		0AC2AEC72BF27A0200C0C144 /* ContentView.swift */ = {isa = PBXFileReference; lastKnownFileType = sourcecode.swift; path = ContentView.swift; sourceTree = "<group>"; };
		0AC2AEC92BF27A0400C0C144 /* Assets.xcassets */ = {isa = PBXFileReference; lastKnownFileType = folder.assetcatalog; path = Assets.xcassets; sourceTree = "<group>"; };
		0AC2AECC2BF27A0400C0C144 /* Preview Assets.xcassets */ = {isa = PBXFileReference; lastKnownFileType = folder.assetcatalog; path = "Preview Assets.xcassets"; sourceTree = "<group>"; };
		0AC2AED42BF27D7E00C0C144 /* View + Extension.swift */ = {isa = PBXFileReference; lastKnownFileType = sourcecode.swift; path = "View + Extension.swift"; sourceTree = "<group>"; };
		0AC2AED72BF27DBD00C0C144 /* NeumorphismUnselected.swift */ = {isa = PBXFileReference; lastKnownFileType = sourcecode.swift; path = NeumorphismUnselected.swift; sourceTree = "<group>"; };
		0AC2AEDB2BF27E1D00C0C144 /* NeumorphismSelected.swift */ = {isa = PBXFileReference; lastKnownFileType = sourcecode.swift; path = NeumorphismSelected.swift; sourceTree = "<group>"; };
		0AC2AEDD2BF27E3C00C0C144 /* NeumorphismUnselectedCircle.swift */ = {isa = PBXFileReference; lastKnownFileType = sourcecode.swift; path = NeumorphismUnselectedCircle.swift; sourceTree = "<group>"; };
		0AC2AEDF2BF28B2900C0C144 /* NeumorphismSelectedCircle.swift */ = {isa = PBXFileReference; lastKnownFileType = sourcecode.swift; path = NeumorphismSelectedCircle.swift; sourceTree = "<group>"; };
/* End PBXFileReference section */

/* Begin PBXFrameworksBuildPhase section */
		0AC2AEBF2BF27A0200C0C144 /* Frameworks */ = {
			isa = PBXFrameworksBuildPhase;
			buildActionMask = 2147483647;
			files = (
			);
			runOnlyForDeploymentPostprocessing = 0;
		};
/* End PBXFrameworksBuildPhase section */

/* Begin PBXGroup section */
		0AC2AEB92BF27A0200C0C144 = {
			isa = PBXGroup;
			children = (
				0AC2AEC42BF27A0200C0C144 /* TeslaApp */,
				0AC2AEC32BF27A0200C0C144 /* Products */,
			);
			sourceTree = "<group>";
		};
		0AC2AEC32BF27A0200C0C144 /* Products */ = {
			isa = PBXGroup;
			children = (
				0AC2AEC22BF27A0200C0C144 /* TeslaApp.app */,
			);
			name = Products;
			sourceTree = "<group>";
		};
		0AC2AEC42BF27A0200C0C144 /* TeslaApp */ = {
			isa = PBXGroup;
			children = (
				0AC2AED92BF27DC800C0C144 /* App */,
				0AC2AED62BF27D9600C0C144 /* Modifiers */,
				0AC2AED32BF27D5E00C0C144 /* Extensions */,
				0AC2AEDA2BF27DE000C0C144 /* Modules */,
				0AC2AEC92BF27A0400C0C144 /* Assets.xcassets */,
				0AC2AECB2BF27A0400C0C144 /* Preview Content */,
			);
			path = TeslaApp;
			sourceTree = "<group>";
		};
		0AC2AECB2BF27A0400C0C144 /* Preview Content */ = {
			isa = PBXGroup;
			children = (
				0AC2AECC2BF27A0400C0C144 /* Preview Assets.xcassets */,
			);
			path = "Preview Content";
			sourceTree = "<group>";
		};
		0AC2AED32BF27D5E00C0C144 /* Extensions */ = {
			isa = PBXGroup;
			children = (
				0AC2AED42BF27D7E00C0C144 /* View + Extension.swift */,
			);
			path = Extensions;
			sourceTree = "<group>";
		};
		0AC2AED62BF27D9600C0C144 /* Modifiers */ = {
			isa = PBXGroup;
			children = (
				0AC2AED72BF27DBD00C0C144 /* NeumorphismUnselected.swift */,
				0AC2AEDB2BF27E1D00C0C144 /* NeumorphismSelected.swift */,
				0AC2AEDD2BF27E3C00C0C144 /* NeumorphismUnselectedCircle.swift */,
				0AC2AEDF2BF28B2900C0C144 /* NeumorphismSelectedCircle.swift */,
			);
			path = Modifiers;
			sourceTree = "<group>";
		};
		0AC2AED92BF27DC800C0C144 /* App */ = {
			isa = PBXGroup;
			children = (
				0AC2AEC52BF27A0200C0C144 /* TeslaAppApp.swift */,
			);
			path = App;
			sourceTree = "<group>";
		};
		0AC2AEDA2BF27DE000C0C144 /* Modules */ = {
			isa = PBXGroup;
			children = (
				0AC2AEC72BF27A0200C0C144 /* ContentView.swift */,
			);
			path = Modules;
			sourceTree = "<group>";
		};
/* End PBXGroup section */

/* Begin PBXNativeTarget section */
		0AC2AEC12BF27A0200C0C144 /* TeslaApp */ = {
			isa = PBXNativeTarget;
			buildConfigurationList = 0AC2AED02BF27A0400C0C144 /* Build configuration list for PBXNativeTarget "TeslaApp" */;
			buildPhases = (
				0AC2AEBE2BF27A0200C0C144 /* Sources */,
				0AC2AEBF2BF27A0200C0C144 /* Frameworks */,
				0AC2AEC02BF27A0200C0C144 /* Resources */,
			);
			buildRules = (
			);
			dependencies = (
			);
			name = TeslaApp;
			productName = TeslaApp;
			productReference = 0AC2AEC22BF27A0200C0C144 /* TeslaApp.app */;
			productType = "com.apple.product-type.application";
		};
/* End PBXNativeTarget section */

/* Begin PBXProject section */
		0AC2AEBA2BF27A0200C0C144 /* Project object */ = {
			isa = PBXProject;
			attributes = {
				BuildIndependentTargetsInParallel = 1;
				LastSwiftUpdateCheck = 1500;
				LastUpgradeCheck = 1500;
				TargetAttributes = {
					0AC2AEC12BF27A0200C0C144 = {
						CreatedOnToolsVersion = 15.0;
					};
				};
			};
			buildConfigurationList = 0AC2AEBD2BF27A0200C0C144 /* Build configuration list for PBXProject "TeslaApp" */;
			compatibilityVersion = "Xcode 14.0";
			developmentRegion = en;
			hasScannedForEncodings = 0;
			knownRegions = (
				en,
				Base,
			);
			mainGroup = 0AC2AEB92BF27A0200C0C144;
			productRefGroup = 0AC2AEC32BF27A0200C0C144 /* Products */;
			projectDirPath = "";
			projectRoot = "";
			targets = (
				0AC2AEC12BF27A0200C0C144 /* TeslaApp */,
			);
		};
/* End PBXProject section */

/* Begin PBXResourcesBuildPhase section */
		0AC2AEC02BF27A0200C0C144 /* Resources */ = {
			isa = PBXResourcesBuildPhase;
			buildActionMask = 2147483647;
			files = (
				0AC2AECD2BF27A0400C0C144 /* Preview Assets.xcassets in Resources */,
				0AC2AECA2BF27A0400C0C144 /* Assets.xcassets in Resources */,
			);
			runOnlyForDeploymentPostprocessing = 0;
		};
/* End PBXResourcesBuildPhase section */

/* Begin PBXSourcesBuildPhase section */
		0AC2AEBE2BF27A0200C0C144 /* Sources */ = {
			isa = PBXSourcesBuildPhase;
			buildActionMask = 2147483647;
			files = (
				0AC2AEE02BF28B2900C0C144 /* NeumorphismSelectedCircle.swift in Sources */,
				0AC2AEC82BF27A0200C0C144 /* ContentView.swift in Sources */,
				0AC2AED82BF27DBD00C0C144 /* NeumorphismUnselected.swift in Sources */,
				0AC2AEDC2BF27E1D00C0C144 /* NeumorphismSelected.swift in Sources */,
				0AC2AEC62BF27A0200C0C144 /* TeslaAppApp.swift in Sources */,
				0AC2AED52BF27D7E00C0C144 /* View + Extension.swift in Sources */,
				0AC2AEDE2BF27E3C00C0C144 /* NeumorphismUnselectedCircle.swift in Sources */,
			);
			runOnlyForDeploymentPostprocessing = 0;
		};
/* End PBXSourcesBuildPhase section */

/* Begin XCBuildConfiguration section */
		0AC2AECE2BF27A0400C0C144 /* Debug */ = {
			isa = XCBuildConfiguration;
			buildSettings = {
				ALWAYS_SEARCH_USER_PATHS = NO;
				ASSETCATALOG_COMPILER_GENERATE_SWIFT_ASSET_SYMBOL_EXTENSIONS = YES;
				CLANG_ANALYZER_NONNULL = YES;
				CLANG_ANALYZER_NUMBER_OBJECT_CONVERSION = YES_AGGRESSIVE;
				CLANG_CXX_LANGUAGE_STANDARD = "gnu++20";
				CLANG_ENABLE_MODULES = YES;
				CLANG_ENABLE_OBJC_ARC = YES;
				CLANG_ENABLE_OBJC_WEAK = YES;
				CLANG_WARN_BLOCK_CAPTURE_AUTORELEASING = YES;
				CLANG_WARN_BOOL_CONVERSION = YES;
				CLANG_WARN_COMMA = YES;
				CLANG_WARN_CONSTANT_CONVERSION = YES;
				CLANG_WARN_DEPRECATED_OBJC_IMPLEMENTATIONS = YES;
				CLANG_WARN_DIRECT_OBJC_ISA_USAGE = YES_ERROR;
				CLANG_WARN_DOCUMENTATION_COMMENTS = YES;
				CLANG_WARN_EMPTY_BODY = YES;
				CLANG_WARN_ENUM_CONVERSION = YES;
				CLANG_WARN_INFINITE_RECURSION = YES;
				CLANG_WARN_INT_CONVERSION = YES;
				CLANG_WARN_NON_LITERAL_NULL_CONVERSION = YES;
				CLANG_WARN_OBJC_IMPLICIT_RETAIN_SELF = YES;
				CLANG_WARN_OBJC_LITERAL_CONVERSION = YES;
				CLANG_WARN_OBJC_ROOT_CLASS = YES_ERROR;
				CLANG_WARN_QUOTED_INCLUDE_IN_FRAMEWORK_HEADER = YES;
				CLANG_WARN_RANGE_LOOP_ANALYSIS = YES;
				CLANG_WARN_STRICT_PROTOTYPES = YES;
				CLANG_WARN_SUSPICIOUS_MOVE = YES;
				CLANG_WARN_UNGUARDED_AVAILABILITY = YES_AGGRESSIVE;
				CLANG_WARN_UNREACHABLE_CODE = YES;
				CLANG_WARN__DUPLICATE_METHOD_MATCH = YES;
				COPY_PHASE_STRIP = NO;
				DEBUG_INFORMATION_FORMAT = dwarf;
				ENABLE_STRICT_OBJC_MSGSEND = YES;
				ENABLE_TESTABILITY = YES;
				ENABLE_USER_SCRIPT_SANDBOXING = YES;
				GCC_C_LANGUAGE_STANDARD = gnu17;
				GCC_DYNAMIC_NO_PIC = NO;
				GCC_NO_COMMON_BLOCKS = YES;
				GCC_OPTIMIZATION_LEVEL = 0;
				GCC_PREPROCESSOR_DEFINITIONS = (
					"DEBUG=1",
					"$(inherited)",
				);
				GCC_WARN_64_TO_32_BIT_CONVERSION = YES;
				GCC_WARN_ABOUT_RETURN_TYPE = YES_ERROR;
				GCC_WARN_UNDECLARED_SELECTOR = YES;
				GCC_WARN_UNINITIALIZED_AUTOS = YES_AGGRESSIVE;
				GCC_WARN_UNUSED_FUNCTION = YES;
				GCC_WARN_UNUSED_VARIABLE = YES;
				IPHONEOS_DEPLOYMENT_TARGET = 17.0;
				LOCALIZATION_PREFERS_STRING_CATALOGS = YES;
				MTL_ENABLE_DEBUG_INFO = INCLUDE_SOURCE;
				MTL_FAST_MATH = YES;
				ONLY_ACTIVE_ARCH = YES;
				SDKROOT = iphoneos;
				SWIFT_ACTIVE_COMPILATION_CONDITIONS = "DEBUG $(inherited)";
				SWIFT_OPTIMIZATION_LEVEL = "-Onone";
			};
			name = Debug;
		};
		0AC2AECF2BF27A0400C0C144 /* Release */ = {
			isa = XCBuildConfiguration;
			buildSettings = {
				ALWAYS_SEARCH_USER_PATHS = NO;
				ASSETCATALOG_COMPILER_GENERATE_SWIFT_ASSET_SYMBOL_EXTENSIONS = YES;
				CLANG_ANALYZER_NONNULL = YES;
				CLANG_ANALYZER_NUMBER_OBJECT_CONVERSION = YES_AGGRESSIVE;
				CLANG_CXX_LANGUAGE_STANDARD = "gnu++20";
				CLANG_ENABLE_MODULES = YES;
				CLANG_ENABLE_OBJC_ARC = YES;
				CLANG_ENABLE_OBJC_WEAK = YES;
				CLANG_WARN_BLOCK_CAPTURE_AUTORELEASING = YES;
				CLANG_WARN_BOOL_CONVERSION = YES;
				CLANG_WARN_COMMA = YES;
				CLANG_WARN_CONSTANT_CONVERSION = YES;
				CLANG_WARN_DEPRECATED_OBJC_IMPLEMENTATIONS = YES;
				CLANG_WARN_DIRECT_OBJC_ISA_USAGE = YES_ERROR;
				CLANG_WARN_DOCUMENTATION_COMMENTS = YES;
				CLANG_WARN_EMPTY_BODY = YES;
				CLANG_WARN_ENUM_CONVERSION = YES;
				CLANG_WARN_INFINITE_RECURSION = YES;
				CLANG_WARN_INT_CONVERSION = YES;
				CLANG_WARN_NON_LITERAL_NULL_CONVERSION = YES;
				CLANG_WARN_OBJC_IMPLICIT_RETAIN_SELF = YES;
				CLANG_WARN_OBJC_LITERAL_CONVERSION = YES;
				CLANG_WARN_OBJC_ROOT_CLASS = YES_ERROR;
				CLANG_WARN_QUOTED_INCLUDE_IN_FRAMEWORK_HEADER = YES;
				CLANG_WARN_RANGE_LOOP_ANALYSIS = YES;
				CLANG_WARN_STRICT_PROTOTYPES = YES;
				CLANG_WARN_SUSPICIOUS_MOVE = YES;
				CLANG_WARN_UNGUARDED_AVAILABILITY = YES_AGGRESSIVE;
				CLANG_WARN_UNREACHABLE_CODE = YES;
				CLANG_WARN__DUPLICATE_METHOD_MATCH = YES;
				COPY_PHASE_STRIP = NO;
				DEBUG_INFORMATION_FORMAT = "dwarf-with-dsym";
				ENABLE_NS_ASSERTIONS = NO;
				ENABLE_STRICT_OBJC_MSGSEND = YES;
				ENABLE_USER_SCRIPT_SANDBOXING = YES;
				GCC_C_LANGUAGE_STANDARD = gnu17;
				GCC_NO_COMMON_BLOCKS = YES;
				GCC_WARN_64_TO_32_BIT_CONVERSION = YES;
				GCC_WARN_ABOUT_RETURN_TYPE = YES_ERROR;
				GCC_WARN_UNDECLARED_SELECTOR = YES;
				GCC_WARN_UNINITIALIZED_AUTOS = YES_AGGRESSIVE;
				GCC_WARN_UNUSED_FUNCTION = YES;
				GCC_WARN_UNUSED_VARIABLE = YES;
				IPHONEOS_DEPLOYMENT_TARGET = 17.0;
				LOCALIZATION_PREFERS_STRING_CATALOGS = YES;
				MTL_ENABLE_DEBUG_INFO = NO;
				MTL_FAST_MATH = YES;
				SDKROOT = iphoneos;
				SWIFT_COMPILATION_MODE = wholemodule;
				VALIDATE_PRODUCT = YES;
			};
			name = Release;
		};
		0AC2AED12BF27A0400C0C144 /* Debug */ = {
			isa = XCBuildConfiguration;
			buildSettings = {
				ASSETCATALOG_COMPILER_APPICON_NAME = AppIcon;
				ASSETCATALOG_COMPILER_GLOBAL_ACCENT_COLOR_NAME = AccentColor;
				CODE_SIGN_STYLE = Automatic;
				CURRENT_PROJECT_VERSION = 1;
				DEVELOPMENT_ASSET_PATHS = "\"TeslaApp/Preview Content\"";
				ENABLE_PREVIEWS = YES;
				GENERATE_INFOPLIST_FILE = YES;
				INFOPLIST_KEY_UIApplicationSceneManifest_Generation = YES;
				INFOPLIST_KEY_UIApplicationSupportsIndirectInputEvents = YES;
				INFOPLIST_KEY_UILaunchScreen_Generation = YES;
				INFOPLIST_KEY_UISupportedInterfaceOrientations_iPad = "UIInterfaceOrientationPortrait UIInterfaceOrientationPortraitUpsideDown UIInterfaceOrientationLandscapeLeft UIInterfaceOrientationLandscapeRight";
				INFOPLIST_KEY_UISupportedInterfaceOrientations_iPhone = "UIInterfaceOrientationPortrait UIInterfaceOrientationLandscapeLeft UIInterfaceOrientationLandscapeRight";
				LD_RUNPATH_SEARCH_PATHS = (
					"$(inherited)",
					"@executable_path/Frameworks",
				);
				MARKETING_VERSION = 1.0;
				PRODUCT_BUNDLE_IDENTIFIER = com.zmey666.TeslaApp;
				PRODUCT_NAME = "$(TARGET_NAME)";
				SWIFT_EMIT_LOC_STRINGS = YES;
				SWIFT_VERSION = 5.0;
				TARGETED_DEVICE_FAMILY = "1,2";
			};
			name = Debug;
		};
		0AC2AED22BF27A0400C0C144 /* Release */ = {
			isa = XCBuildConfiguration;
			buildSettings = {
				ASSETCATALOG_COMPILER_APPICON_NAME = AppIcon;
				ASSETCATALOG_COMPILER_GLOBAL_ACCENT_COLOR_NAME = AccentColor;
				CODE_SIGN_STYLE = Automatic;
				CURRENT_PROJECT_VERSION = 1;
				DEVELOPMENT_ASSET_PATHS = "\"TeslaApp/Preview Content\"";
				ENABLE_PREVIEWS = YES;
				GENERATE_INFOPLIST_FILE = YES;
				INFOPLIST_KEY_UIApplicationSceneManifest_Generation = YES;
				INFOPLIST_KEY_UIApplicationSupportsIndirectInputEvents = YES;
				INFOPLIST_KEY_UILaunchScreen_Generation = YES;
				INFOPLIST_KEY_UISupportedInterfaceOrientations_iPad = "UIInterfaceOrientationPortrait UIInterfaceOrientationPortraitUpsideDown UIInterfaceOrientationLandscapeLeft UIInterfaceOrientationLandscapeRight";
				INFOPLIST_KEY_UISupportedInterfaceOrientations_iPhone = "UIInterfaceOrientationPortrait UIInterfaceOrientationLandscapeLeft UIInterfaceOrientationLandscapeRight";
				LD_RUNPATH_SEARCH_PATHS = (
					"$(inherited)",
					"@executable_path/Frameworks",
				);
				MARKETING_VERSION = 1.0;
				PRODUCT_BUNDLE_IDENTIFIER = com.zmey666.TeslaApp;
				PRODUCT_NAME = "$(TARGET_NAME)";
				SWIFT_EMIT_LOC_STRINGS = YES;
				SWIFT_VERSION = 5.0;
				TARGETED_DEVICE_FAMILY = "1,2";
			};
			name = Release;
		};
/* End XCBuildConfiguration section */

/* Begin XCConfigurationList section */
		0AC2AEBD2BF27A0200C0C144 /* Build configuration list for PBXProject "TeslaApp" */ = {
			isa = XCConfigurationList;
			buildConfigurations = (
				0AC2AECE2BF27A0400C0C144 /* Debug */,
				0AC2AECF2BF27A0400C0C144 /* Release */,
			);
			defaultConfigurationIsVisible = 0;
			defaultConfigurationName = Release;
		};
		0AC2AED02BF27A0400C0C144 /* Build configuration list for PBXNativeTarget "TeslaApp" */ = {
			isa = XCConfigurationList;
			buildConfigurations = (
				0AC2AED12BF27A0400C0C144 /* Debug */,
				0AC2AED22BF27A0400C0C144 /* Release */,
			);
			defaultConfigurationIsVisible = 0;
			defaultConfigurationName = Release;
		};
/* End XCConfigurationList section */
	};
	rootObject = 0AC2AEBA2BF27A0200C0C144 /* Project object */;
}
